
Microsoft Visual Studio Solution File, Format Version 12.00
# Visual Studio 2012
Project("{FAE04EC0-301F-11D3-BF4B-00C04F79EFBC}") = "CSharpLibrary", "CSharpLibrary\CSharpLibrary.csproj", "{92D39870-C049-433D-8363-81608A2D8BC3}"
EndProject
Global
	GlobalSection(SolutionConfigurationPlatforms) = preSolution
		Debug|x86 = Debug|x86
		Release|x86 = Release|x86
	EndGlobalSection
	GlobalSection(ProjectConfigurationPlatforms) = postSolution
		{92D39870-C049-433D-8363-81608A2D8BC3}.Debug|x86.ActiveCfg = Debug|Any CPU
		{92D39870-C049-433D-8363-81608A2D8BC3}.Release|x86.ActiveCfg = Release|Any CPU
		{92D39870-C049-433D-8363-81608A2D8BC3}.Release|x86.Build.0 = Release|Any CPU
		{92D39870-C049-433D-8363-81608A2D8BC3}.Debug|x86.Build.0 = Debug|Any CPU
	EndGlobalSection
	GlobalSection(MonoDevelopProperties) = preSolution
		Policies = $0
		$0.DotNetNamingPolicy = $1
		$1.DirectoryNamespaceAssociation = PrefixedHierarchical
		$0.TextStylePolicy = $2
		$2.TabsToSpaces = True
		$2.NoTabsAfterNonTabs = True
		$2.scope = text/x-fsharp
		$0.FSharpFormattingPolicy = $3
		$3.DefaultFormat = $4
		$4.IndentOnTryWith = False
		$4.ReorderOpenDeclaration = False
		$4.SpaceAfterComma = True
		$4.SpaceAfterSemicolon = True
		$4.SpaceAroundDelimiter = True
		$4.SpaceBeforeArgument = True
		$4.SpaceBeforeColon = True
		$4.__added = 0
		$3.scope = text/x-fsharp
	EndGlobalSection
EndGlobal
